{
    "_readme": [
        "This file locks the dependencies of your project to a known state",
        "Read more about it at https://getcomposer.org/doc/01-basic-usage.md#composer-lock-the-lock-file",
        "This file is @generated automatically"
    ],
    "hash": "19cafd64e3f27ac770b2419f4164c762",
    "content-hash": "4fe819a0ffce23807af5732efc008aa3",
    "packages": [
        {
            "name": "joyqi/hyper-down",
            "version": "dev-master",
            "source": {
                "type": "git",
                "url": "https://github.com/SegmentFault/HyperDown.git",
                "reference": "17d50fa4f0e2981d31d8e26a20131f7c72f664f3"
            },
            "dist": {
                "type": "zip",
                "url": "https://api.github.com/repos/SegmentFault/HyperDown/zipball/17d50fa4f0e2981d31d8e26a20131f7c72f664f3",
                "reference": "17d50fa4f0e2981d31d8e26a20131f7c72f664f3",
                "shasum": ""
            },
            "require": {
                "php": ">=5.4.0"
            },
            "type": "library",
            "autoload": {
                "psr-4": {
                    "HyperDown\\": "./"
                }
            },
            "notification-url": "https://packagist.org/downloads/",
            "license": [
                "BSD"
            ],
            "authors": [
                {
                    "name": "joyqi",
                    "email": "joyqi@segmentfault.com"
                }
            ],
            "description": "A light weight markdown parser library",
            "time": "2016-04-18 07:57:07"
        }
    ],
    "packages-dev": [],
    "aliases": [],
    "minimum-stability": "stable",
    "stability-flags": {
        "joyqi/hyper-down": 20
    },
    "prefer-stable": false,
    "prefer-lowest": false,
    "platform": [],
    "platform-dev": []
}
